lockfileVersion: '9.0'

settings:
  autoInstallPeers: true
  excludeLinksFromLockfile: false

importers:

  .:
    dependencies:
      '@github/copilot-sdk':
        specifier: 0.3.0
        version: 0.3.0
      node-pty:
        specifier: '>=1.0.0'
        version: 1.1.0
    devDependencies:
      '@types/node':
        specifier: 25.6.0
        version: 25.6.0
      typescript:
        specifier: 6.0.3
        version: 6.0.3

packages:

  '@github/copilot-darwin-arm64@1.0.39':
    resolution: {integrity: sha512-E8WfNL43NMzMTDDpCiYikaEmYCMAr6mz8LHrJtkaFuVXVkBr/q2NI3hAtwHFy8M11Fac/MeIe3/VEymWwwh3kw==}
    cpu: [arm64]
    os: [darwin]
    hasBin: true

  '@github/copilot-darwin-x64@1.0.39':
    resolution: {integrity: sha512-0zbC4lDVX7l8Wvq+JSCMjO0xTN69nWLejTBCl3Ev5bP6P+/7wPURcUvZKoHEaXxOULQ3AGj0DwZNAsvvQkA/6Q==}
    cpu: [x64]
    os: [darwin]
    hasBin: true

  '@github/copilot-linux-arm64@1.0.39':
    resolution: {integrity: sha512-x88FuByweJlHlAmUZXjq4JlmtqgoM57Fe7nXzQkGr2Y5wnc2EDydBzFYEOlYDSWozQreimaJIm0KEMAA5T8/Fg==}
    cpu: [arm64]
    os: [linux]
    hasBin: true

  '@github/copilot-linux-x64@1.0.39':
    resolution: {integrity: sha512-ssahg8r7a0VCsHVXPRmFFXx70xNAxaTM2SZfG7qPRfFB2OM8gHrW26F2oikTklDF6D+A2MfSAMpzJLBUZbPnhw==}
    cpu: [x64]
    os: [linux]
    hasBin: true

  '@github/copilot-sdk@0.3.0':
    resolution: {integrity: sha512-SUo35k56pzzgYgwmDPHcu7kZxPrzXbH66IWXaEf6pmb94DlA709F82HrrDeja087TL4djJ9OuvRFWWOKCosAsg==}
    engines: {node: '>=20.0.0'}

  '@github/copilot-win32-arm64@1.0.39':
    resolution: {integrity: sha512-hhBWGZQIywbp6MBxlqMX2GSmHqtUAOGwpo9b0igscecL4i0kz89QNasC+mKiN+zFEHP6I8gggOu87XPI17Io8Q==}
    cpu: [arm64]
    os: [win32]
    hasBin: true

  '@github/copilot-win32-x64@1.0.39':
    resolution: {integrity: sha512-0ehlMtBiwKjmfEY3hVZggdn7qrmPMC8ueBQv/b+6UY3SMRS/M/1Y7xkOCwG84NvJsktdSsk3SlQnE2LbkTVpSA==}
    cpu: [x64]
    os: [win32]
    hasBin: true

  '@github/copilot@1.0.39':
    resolution: {integrity: sha512-AY0VPYf6QQm88wUcOav2B36iedWKBUaMegKRxxY2uIHESiU6HueEuQR/n7D3U2UdD0zLox3jFRjYbZAsr2CgkQ==}
    hasBin: true

  '@types/node@25.6.0':
    resolution: {integrity: sha512-+qIYRKdNYJwY3vRCZMdJbPLJAtGjQBudzZzdzwQYkEPQd+PJGixUL5QfvCLDaULoLv+RhT3LDkwEfKaAkgSmNQ==}

  node-addon-api@7.1.1:
    resolution: {integrity: sha512-5m3bsyrjFWE1xf7nz7YXdN4udnVtXK6/Yfgn5qnahL6bCkf2yKt4k3nuTKAtT4r3IG8JNR2ncsIMdZuAzJjHQQ==}

  node-pty@1.1.0:
    resolution: {integrity: sha512-20JqtutY6JPXTUnL0ij1uad7Qe1baT46lyolh2sSENDd4sTzKZ4nmAFkeAARDKwmlLjPx6XKRlwRUxwjOy+lUg==}

  typescript@6.0.3:
    resolution: {integrity: sha512-y2TvuxSZPDyQakkFRPZHKFm+KKVqIisdg9/CZwm9ftvKXLP8NRWj38/ODjNbr43SsoXqNuAisEf1GdCxqWcdBw==}
    engines: {node: '>=14.17'}
    hasBin: true

  undici-types@7.19.2:
    resolution: {integrity: sha512-qYVnV5OEm2AW8cJMCpdV20CDyaN3g0AjDlOGf1OW4iaDEx8MwdtChUp4zu4H0VP3nDRF/8RKWH+IPp9uW0YGZg==}

  vscode-jsonrpc@8.2.1:
    resolution: {integrity: sha512-kdjOSJ2lLIn7r1rtrMbbNCHjyMPfRnowdKjBQ+mGq6NAW5QY2bEZC/khaC5OR8svbbjvLEaIXkOq45e2X9BIbQ==}
    engines: {node: '>=14.0.0'}

  zod@4.4.1:
    resolution: {integrity: sha512-a6ENMBBGZBsnlSebQ/eKCguSBeGKSf4O7BPnqVPmYGtpBYI7VSqoVqw+QcB7kPRjbqPwhYTpFbVj/RqNz/CT0Q==}

snapshots:

  '@github/copilot-darwin-arm64@1.0.39':
    optional: true

  '@github/copilot-darwin-x64@1.0.39':
    optional: true

  '@github/copilot-linux-arm64@1.0.39':
    optional: true

  '@github/copilot-linux-x64@1.0.39':
    optional: true

  '@github/copilot-sdk@0.3.0':
    dependencies:
      '@github/copilot': 1.0.39
      vscode-jsonrpc: 8.2.1
      zod: 4.4.1

  '@github/copilot-win32-arm64@1.0.39':
    optional: true

  '@github/copilot-win32-x64@1.0.39':
    optional: true

  '@github/copilot@1.0.39':
    optionalDependencies:
      '@github/copilot-darwin-arm64': 1.0.39
      '@github/copilot-darwin-x64': 1.0.39
      '@github/copilot-linux-arm64': 1.0.39
      '@github/copilot-linux-x64': 1.0.39
      '@github/copilot-win32-arm64': 1.0.39
      '@github/copilot-win32-x64': 1.0.39

  '@types/node@25.6.0':
    dependencies:
      undici-types: 7.19.2

  node-addon-api@7.1.1: {}

  node-pty@1.1.0:
    dependencies:
      node-addon-api: 7.1.1

  typescript@6.0.3: {}

  undici-types@7.19.2: {}

  vscode-jsonrpc@8.2.1: {}

  zod@4.4.1: {}
